
Microsoft Visual Studio Solution File, Format Version 12.00
# Visual Studio 14
VisualStudioVersion = 14.0.25420.1
MinimumVisualStudioVersion = 10.0.40219.1
Project("{FAE04EC0-301F-11D3-BF4B-00C04F79EFBC}") = "Example.Tests", "Example.Tests\Example.Tests.csproj", "{7B3656D1-98AD-45C8-826F-2E5A13BED71E}"
EndProject
Project("{FAE04EC0-301F-11D3-BF4B-00C04F79EFBC}") = "Example", "Example\Example.csproj", "{6E099E06-32E2-441F-B831-331ECB76FC4E}"
EndProject
Project("{2150E333-8FDC-42A3-9474-1A3956D46DE8}") = ".build", ".build", "{496D1334-3DB0-4EB4-A60F-97116C29F1C5}"
	ProjectSection(SolutionItems) = preProject
		..\build.cake = ..\build.cake
		..\build.ps1 = ..\build.ps1
	EndProjectSection
EndProject
Project("{2150E333-8FDC-42A3-9474-1A3956D46DE8}") = ".paket", ".paket", "{001BE206-AB3A-42B6-B5B5-2A4EA4BD5850}"
	ProjectSection(SolutionItems) = preProject
		..\paket.dependencies = ..\paket.dependencies
	EndProjectSection
EndProject
Global
	GlobalSection(SolutionConfigurationPlatforms) = preSolution
		Debug|Any CPU = Debug|Any CPU
		Release|Any CPU = Release|Any CPU
	EndGlobalSection
	GlobalSection(ProjectConfigurationPlatforms) = postSolution
		{7B3656D1-98AD-45C8-826F-2E5A13BED71E}.Debug|Any CPU.ActiveCfg = Debug|Any CPU
		{7B3656D1-98AD-45C8-826F-2E5A13BED71E}.Debug|Any CPU.Build.0 = Debug|Any CPU
		{7B3656D1-98AD-45C8-826F-2E5A13BED71E}.Release|Any CPU.ActiveCfg = Release|Any CPU
		{7B3656D1-98AD-45C8-826F-2E5A13BED71E}.Release|Any CPU.Build.0 = Release|Any CPU
		{6E099E06-32E2-441F-B831-331ECB76FC4E}.Debug|Any CPU.ActiveCfg = Debug|Any CPU
		{6E099E06-32E2-441F-B831-331ECB76FC4E}.Debug|Any CPU.Build.0 = Debug|Any CPU
		{6E099E06-32E2-441F-B831-331ECB76FC4E}.Release|Any CPU.ActiveCfg = Release|Any CPU
		{6E099E06-32E2-441F-B831-331ECB76FC4E}.Release|Any CPU.Build.0 = Release|Any CPU
	EndGlobalSection
	GlobalSection(SolutionProperties) = preSolution
		HideSolutionNode = FALSE
	EndGlobalSection
EndGlobal
